
Microsoft Visual Studio Solution File, Format Version 12.00
# Visual Studio Version 16
VisualStudioVersion = 16.0.31025.194
MinimumVisualStudioVersion = 10.0.40219.1
Project("{FAE04EC0-301F-11D3-BF4B-00C04F79EFBC}") = "HowLeaky-TestAPI", "HowLeaky-TestAPI\HowLeaky-TestAPI.csproj", "{3CB2A518-ACB1-4D9D-B89C-38D8F7E37EAD}"
EndProject
Global
	GlobalSection(SolutionConfigurationPlatforms) = preSolution
		Debug|Any CPU = Debug|Any CPU
		Release|Any CPU = Release|Any CPU
	EndGlobalSection
	GlobalSection(ProjectConfigurationPlatforms) = postSolution
		{3CB2A518-ACB1-4D9D-B89C-38D8F7E37EAD}.Debug|Any CPU.ActiveCfg = Debug|Any CPU
		{3CB2A518-ACB1-4D9D-B89C-38D8F7E37EAD}.Debug|Any CPU.Build.0 = Debug|Any CPU
		{3CB2A518-ACB1-4D9D-B89C-38D8F7E37EAD}.Release|Any CPU.ActiveCfg = Release|Any CPU
		{3CB2A518-ACB1-4D9D-B89C-38D8F7E37EAD}.Release|Any CPU.Build.0 = Release|Any CPU
	EndGlobalSection
	GlobalSection(SolutionProperties) = preSolution
		HideSolutionNode = FALSE
	EndGlobalSection
	GlobalSection(ExtensibilityGlobals) = postSolution
		SolutionGuid = {166B797E-3E8B-44E9-9FF1-9A76AB7E0FFA}
	EndGlobalSection
EndGlobal
